
Microsoft Visual Studio Solution File, Format Version 12.00
# Visual Studio Version 16
VisualStudioVersion = 16.0.31112.23
MinimumVisualStudioVersion = 10.0.40219.1
Project("{FAE04EC0-301F-11D3-BF4B-00C04F79EFBC}") = "ResolvePay_WebAPI", "ResolvePay_WebAPI\ResolvePay_WebAPI.csproj", "{D7628939-1D5E-482E-B1DC-572C8E227996}"
EndProject
Global
	GlobalSection(SolutionConfigurationPlatforms) = preSolution
		Debug|Any CPU = Debug|Any CPU
		Release|Any CPU = Release|Any CPU
	EndGlobalSection
	GlobalSection(ProjectConfigurationPlatforms) = postSolution
		{D7628939-1D5E-482E-B1DC-572C8E227996}.Debug|Any CPU.ActiveCfg = Debug|Any CPU
		{D7628939-1D5E-482E-B1DC-572C8E227996}.Debug|Any CPU.Build.0 = Debug|Any CPU
		{D7628939-1D5E-482E-B1DC-572C8E227996}.Release|Any CPU.ActiveCfg = Release|Any CPU
		{D7628939-1D5E-482E-B1DC-572C8E227996}.Release|Any CPU.Build.0 = Release|Any CPU
	EndGlobalSection
	GlobalSection(SolutionProperties) = preSolution
		HideSolutionNode = FALSE
	EndGlobalSection
	GlobalSection(ExtensibilityGlobals) = postSolution
		SolutionGuid = {13FDB286-C35D-442A-BAD0-8B472B7FA173}
	EndGlobalSection
EndGlobal
